
Microsoft Visual Studio Solution File, Format Version 12.00
# Visual Studio Version 17
VisualStudioVersion = 17.7.34202.233
MinimumVisualStudioVersion = 10.0.40219.1
Project("{9A19103F-16F7-4668-BE54-9A1E7A4F7556}") = "Robots.Console", "Robots.Console\Robots.Console.csproj", "{22C736DB-7C20-485C-9549-DC0E932BE740}"
EndProject
Project("{9A19103F-16F7-4668-BE54-9A1E7A4F7556}") = "Robots", "ClassLibraryRobots\Robots.csproj", "{381AF620-906A-4816-A25D-A0AC97D2D055}"
EndProject
Global
	GlobalSection(SolutionConfigurationPlatforms) = preSolution
		Debug|Any CPU = Debug|Any CPU
		Release|Any CPU = Release|Any CPU
	EndGlobalSection
	GlobalSection(ProjectConfigurationPlatforms) = postSolution
		{22C736DB-7C20-485C-9549-DC0E932BE740}.Debug|Any CPU.ActiveCfg = Debug|Any CPU
		{22C736DB-7C20-485C-9549-DC0E932BE740}.Debug|Any CPU.Build.0 = Debug|Any CPU
		{22C736DB-7C20-485C-9549-DC0E932BE740}.Release|Any CPU.ActiveCfg = Release|Any CPU
		{22C736DB-7C20-485C-9549-DC0E932BE740}.Release|Any CPU.Build.0 = Release|Any CPU
		{381AF620-906A-4816-A25D-A0AC97D2D055}.Debug|Any CPU.ActiveCfg = Debug|Any CPU
		{381AF620-906A-4816-A25D-A0AC97D2D055}.Debug|Any CPU.Build.0 = Debug|Any CPU
		{381AF620-906A-4816-A25D-A0AC97D2D055}.Release|Any CPU.ActiveCfg = Release|Any CPU
		{381AF620-906A-4816-A25D-A0AC97D2D055}.Release|Any CPU.Build.0 = Release|Any CPU
	EndGlobalSection
	GlobalSection(SolutionProperties) = preSolution
		HideSolutionNode = FALSE
	EndGlobalSection
	GlobalSection(ExtensibilityGlobals) = postSolution
		SolutionGuid = {3DA33CB3-1B6C-4423-9542-BC55D962EBEC}
	EndGlobalSection
EndGlobal
